
Microsoft Visual Studio Solution File, Format Version 12.00
# Visual Studio 15
VisualStudioVersion = 15.0.28307.1022
MinimumVisualStudioVersion = 10.0.40219.1
Project("{FAE04EC0-301F-11D3-BF4B-00C04F79EFBC}") = "Meu Servico", "Meu Servico\Meu Servico.csproj", "{D8E11EA4-94C6-4B28-A74E-3E5D33E1E1A1}"
EndProject
Project("{54435603-DBB4-11D2-8724-00A0C9A8B90C}") = "Setup", "Setup\Setup.vdproj", "{C3B64940-888D-4BCE-9CB2-6552BC35223D}"
EndProject
Global
	GlobalSection(SolutionConfigurationPlatforms) = preSolution
		Debug|Any CPU = Debug|Any CPU
		Release|Any CPU = Release|Any CPU
	EndGlobalSection
	GlobalSection(ProjectConfigurationPlatforms) = postSolution
		{D8E11EA4-94C6-4B28-A74E-3E5D33E1E1A1}.Debug|Any CPU.ActiveCfg = Debug|Any CPU
		{D8E11EA4-94C6-4B28-A74E-3E5D33E1E1A1}.Debug|Any CPU.Build.0 = Debug|Any CPU
		{D8E11EA4-94C6-4B28-A74E-3E5D33E1E1A1}.Release|Any CPU.ActiveCfg = Release|Any CPU
		{D8E11EA4-94C6-4B28-A74E-3E5D33E1E1A1}.Release|Any CPU.Build.0 = Release|Any CPU
		{C3B64940-888D-4BCE-9CB2-6552BC35223D}.Debug|Any CPU.ActiveCfg = Debug
		{C3B64940-888D-4BCE-9CB2-6552BC35223D}.Debug|Any CPU.Build.0 = Debug
		{C3B64940-888D-4BCE-9CB2-6552BC35223D}.Release|Any CPU.ActiveCfg = Release
	EndGlobalSection
	GlobalSection(SolutionProperties) = preSolution
		HideSolutionNode = FALSE
	EndGlobalSection
	GlobalSection(ExtensibilityGlobals) = postSolution
		SolutionGuid = {EB671EE6-C279-4FF5-95EB-64F522143D3C}
	EndGlobalSection
EndGlobal
